
Microsoft Visual Studio Solution File, Format Version 12.00
# Visual Studio Version 17
VisualStudioVersion = 17.9.34701.34
MinimumVisualStudioVersion = 10.0.40219.1
Project("{FAE04EC0-301F-11D3-BF4B-00C04F79EFBC}") = "StudentManagementSystem", "StudentManagementSystem.csproj", "{DA61A9ED-DB2E-475C-83F4-8A5634E7BB9B}"
EndProject
Global
	GlobalSection(SolutionConfigurationPlatforms) = preSolution
		Debug|Any CPU = Debug|Any CPU
		Release|Any CPU = Release|Any CPU
	EndGlobalSection
	GlobalSection(ProjectConfigurationPlatforms) = postSolution
		{DA61A9ED-DB2E-475C-83F4-8A5634E7BB9B}.Debug|Any CPU.ActiveCfg = Debug|Any CPU
		{DA61A9ED-DB2E-475C-83F4-8A5634E7BB9B}.Debug|Any CPU.Build.0 = Debug|Any CPU
		{DA61A9ED-DB2E-475C-83F4-8A5634E7BB9B}.Release|Any CPU.ActiveCfg = Release|Any CPU
		{DA61A9ED-DB2E-475C-83F4-8A5634E7BB9B}.Release|Any CPU.Build.0 = Release|Any CPU
	EndGlobalSection
	GlobalSection(SolutionProperties) = preSolution
		HideSolutionNode = FALSE
	EndGlobalSection
	GlobalSection(ExtensibilityGlobals) = postSolution
		SolutionGuid = {63CDCF56-C5CF-45B3-879A-2FD74FD13001}
	EndGlobalSection
EndGlobal
